
Microsoft Visual Studio Solution File, Format Version 12.00
# Visual Studio 15
VisualStudioVersion = 15.0.28307.421
MinimumVisualStudioVersion = 10.0.40219.1
Project("{FAE04EC0-301F-11D3-BF4B-00C04F79EFBC}") = "Api", "src\Api\Api.csproj", "{40A43D74-E950-4296-A88E-AD7691A827A9}"
EndProject
Project("{E53339B2-1760-4266-BCC7-CA923CBCF16C}") = "docker-compose", "docker-compose.dcproj", "{893D90CD-D4F9-4CB9-A09A-3CF918D4CFA7}"
EndProject
Global
	GlobalSection(SolutionConfigurationPlatforms) = preSolution
		Debug|Any CPU = Debug|Any CPU
		Release|Any CPU = Release|Any CPU
	EndGlobalSection
	GlobalSection(ProjectConfigurationPlatforms) = postSolution
		{40A43D74-E950-4296-A88E-AD7691A827A9}.Debug|Any CPU.ActiveCfg = Debug|Any CPU
		{40A43D74-E950-4296-A88E-AD7691A827A9}.Debug|Any CPU.Build.0 = Debug|Any CPU
		{40A43D74-E950-4296-A88E-AD7691A827A9}.Release|Any CPU.ActiveCfg = Release|Any CPU
		{40A43D74-E950-4296-A88E-AD7691A827A9}.Release|Any CPU.Build.0 = Release|Any CPU
		{893D90CD-D4F9-4CB9-A09A-3CF918D4CFA7}.Debug|Any CPU.ActiveCfg = Debug|Any CPU
		{893D90CD-D4F9-4CB9-A09A-3CF918D4CFA7}.Debug|Any CPU.Build.0 = Debug|Any CPU
		{893D90CD-D4F9-4CB9-A09A-3CF918D4CFA7}.Release|Any CPU.ActiveCfg = Release|Any CPU
		{893D90CD-D4F9-4CB9-A09A-3CF918D4CFA7}.Release|Any CPU.Build.0 = Release|Any CPU
	EndGlobalSection
	GlobalSection(SolutionProperties) = preSolution
		HideSolutionNode = FALSE
	EndGlobalSection
	GlobalSection(ExtensibilityGlobals) = postSolution
		SolutionGuid = {BCC42BBF-8EF0-4F3E-9506-B488668BD51D}
	EndGlobalSection
EndGlobal
